// !$*UTF8*$!
{
	archiveVersion = 1;
	classes = {
	};
	objectVersion = 50;
	objects = {

/* Begin PBXBuildFile section */
		1D8380CF23E812BF001BF3DE /* ArtTableViewCell.swift in Sources */ = {isa = PBXBuildFile; fileRef = 1D8380CE23E812BF001BF3DE /* ArtTableViewCell.swift */; };
		1D8380D123E820EE001BF3DE /* DetailViewController.swift in Sources */ = {isa = PBXBuildFile; fileRef = 1D8380D023E820EE001BF3DE /* DetailViewController.swift */; };
		4167AC7923E19474006FAFD8 /* MapViewController.swift in Sources */ = {isa = PBXBuildFile; fileRef = 4167AC7823E19474006FAFD8 /* MapViewController.swift */; };
		4167AC7B23E196C4006FAFD8 /* TableViewController.swift in Sources */ = {isa = PBXBuildFile; fileRef = 4167AC7A23E196C4006FAFD8 /* TableViewController.swift */; };
		4167AC7D23E1A30D006FAFD8 /* PublicArt.swift in Sources */ = {isa = PBXBuildFile; fileRef = 4167AC7C23E1A30D006FAFD8 /* PublicArt.swift */; };
		4167AC7F23E1A519006FAFD8 /* PublicArtDAO.swift in Sources */ = {isa = PBXBuildFile; fileRef = 4167AC7E23E1A519006FAFD8 /* PublicArtDAO.swift */; };
		41927F4223E183C70051387F /* AppDelegate.swift in Sources */ = {isa = PBXBuildFile; fileRef = 41927F4123E183C70051387F /* AppDelegate.swift */; };
		41927F4423E183C70051387F /* SceneDelegate.swift in Sources */ = {isa = PBXBuildFile; fileRef = 41927F4323E183C70051387F /* SceneDelegate.swift */; };
		41927F4623E183C70051387F /* ViewController.swift in Sources */ = {isa = PBXBuildFile; fileRef = 41927F4523E183C70051387F /* ViewController.swift */; };
		41927F4923E183C80051387F /* Main.storyboard in Resources */ = {isa = PBXBuildFile; fileRef = 41927F4723E183C80051387F /* Main.storyboard */; };
		41927F4B23E183CA0051387F /* Assets.xcassets in Resources */ = {isa = PBXBuildFile; fileRef = 41927F4A23E183CA0051387F /* Assets.xcassets */; };
		41927F4E23E183CA0051387F /* LaunchScreen.storyboard in Resources */ = {isa = PBXBuildFile; fileRef = 41927F4C23E183CA0051387F /* LaunchScreen.storyboard */; };
		8377E91323E83E4400994545 /* Oahu-Honolulu-Aerial-Hero-2_1.jpg in Resources */ = {isa = PBXBuildFile; fileRef = 8377E91223E83E4300994545 /* Oahu-Honolulu-Aerial-Hero-2_1.jpg */; };
		8377E91523E8C09600994545 /* PublicArtAnnotation.swift in Sources */ = {isa = PBXBuildFile; fileRef = 8377E91423E8C09600994545 /* PublicArtAnnotation.swift */; };
		8377E91723E8C95700994545 /* PublicArtAnnotationDAO.swift in Sources */ = {isa = PBXBuildFile; fileRef = 8377E91623E8C95700994545 /* PublicArtAnnotationDAO.swift */; };
/* End PBXBuildFile section */

/* Begin PBXFileReference section */
		1D8380CE23E812BF001BF3DE /* ArtTableViewCell.swift */ = {isa = PBXFileReference; lastKnownFileType = sourcecode.swift; path = ArtTableViewCell.swift; sourceTree = "<group>"; };
		1D8380D023E820EE001BF3DE /* DetailViewController.swift */ = {isa = PBXFileReference; lastKnownFileType = sourcecode.swift; path = DetailViewController.swift; sourceTree = "<group>"; };
		4167AC7823E19474006FAFD8 /* MapViewController.swift */ = {isa = PBXFileReference; lastKnownFileType = sourcecode.swift; path = MapViewController.swift; sourceTree = "<group>"; };
		4167AC7A23E196C4006FAFD8 /* TableViewController.swift */ = {isa = PBXFileReference; lastKnownFileType = sourcecode.swift; path = TableViewController.swift; sourceTree = "<group>"; };
		4167AC7C23E1A30D006FAFD8 /* PublicArt.swift */ = {isa = PBXFileReference; lastKnownFileType = sourcecode.swift; path = PublicArt.swift; sourceTree = "<group>"; };
		4167AC7E23E1A519006FAFD8 /* PublicArtDAO.swift */ = {isa = PBXFileReference; lastKnownFileType = sourcecode.swift; path = PublicArtDAO.swift; sourceTree = "<group>"; };
		41927F3E23E183C70051387F /* iOSEindprojectHonolulu.app */ = {isa = PBXFileReference; explicitFileType = wrapper.application; includeInIndex = 0; path = iOSEindprojectHonolulu.app; sourceTree = BUILT_PRODUCTS_DIR; };
		41927F4123E183C70051387F /* AppDelegate.swift */ = {isa = PBXFileReference; lastKnownFileType = sourcecode.swift; path = AppDelegate.swift; sourceTree = "<group>"; };
		41927F4323E183C70051387F /* SceneDelegate.swift */ = {isa = PBXFileReference; lastKnownFileType = sourcecode.swift; path = SceneDelegate.swift; sourceTree = "<group>"; };
		41927F4523E183C70051387F /* ViewController.swift */ = {isa = PBXFileReference; lastKnownFileType = sourcecode.swift; path = ViewController.swift; sourceTree = "<group>"; };
		41927F4823E183C80051387F /* Base */ = {isa = PBXFileReference; lastKnownFileType = file.storyboard; name = Base; path = Base.lproj/Main.storyboard; sourceTree = "<group>"; };
		41927F4A23E183CA0051387F /* Assets.xcassets */ = {isa = PBXFileReference; lastKnownFileType = folder.assetcatalog; path = Assets.xcassets; sourceTree = "<group>"; };
		41927F4D23E183CA0051387F /* Base */ = {isa = PBXFileReference; lastKnownFileType = file.storyboard; name = Base; path = Base.lproj/LaunchScreen.storyboard; sourceTree = "<group>"; };
		41927F4F23E183CA0051387F /* Info.plist */ = {isa = PBXFileReference; lastKnownFileType = text.plist.xml; path = Info.plist; sourceTree = "<group>"; };
		8377E91223E83E4300994545 /* Oahu-Honolulu-Aerial-Hero-2_1.jpg */ = {isa = PBXFileReference; lastKnownFileType = image.jpeg; path = "Oahu-Honolulu-Aerial-Hero-2_1.jpg"; sourceTree = "<group>"; };
		8377E91423E8C09600994545 /* PublicArtAnnotation.swift */ = {isa = PBXFileReference; lastKnownFileType = sourcecode.swift; path = PublicArtAnnotation.swift; sourceTree = "<group>"; };
		8377E91623E8C95700994545 /* PublicArtAnnotationDAO.swift */ = {isa = PBXFileReference; lastKnownFileType = sourcecode.swift; path = PublicArtAnnotationDAO.swift; sourceTree = "<group>"; };
/* End PBXFileReference section */

/* Begin PBXFrameworksBuildPhase section */
		41927F3B23E183C70051387F /* Frameworks */ = {
			isa = PBXFrameworksBuildPhase;
			buildActionMask = 2147483647;
			files = (
			);
			runOnlyForDeploymentPostprocessing = 0;
		};
/* End PBXFrameworksBuildPhase section */

/* Begin PBXGroup section */
		41927F3523E183C70051387F = {
			isa = PBXGroup;
			children = (
				41927F4023E183C70051387F /* iOSEindprojectHonolulu */,
				41927F3F23E183C70051387F /* Products */,
			);
			sourceTree = "<group>";
		};
		41927F3F23E183C70051387F /* Products */ = {
			isa = PBXGroup;
			children = (
				41927F3E23E183C70051387F /* iOSEindprojectHonolulu.app */,
			);
			name = Products;
			sourceTree = "<group>";
		};
		41927F4023E183C70051387F /* iOSEindprojectHonolulu */ = {
			isa = PBXGroup;
			children = (
				8377E91223E83E4300994545 /* Oahu-Honolulu-Aerial-Hero-2_1.jpg */,
				41927F5923E1846A0051387F /* model */,
				41927F5723E184440051387F /* controller */,
				41927F4123E183C70051387F /* AppDelegate.swift */,
				41927F4323E183C70051387F /* SceneDelegate.swift */,
				41927F4723E183C80051387F /* Main.storyboard */,
				41927F4A23E183CA0051387F /* Assets.xcassets */,
				41927F4C23E183CA0051387F /* LaunchScreen.storyboard */,
				41927F4F23E183CA0051387F /* Info.plist */,
				1D8380CE23E812BF001BF3DE /* ArtTableViewCell.swift */,
			);
			path = iOSEindprojectHonolulu;
			sourceTree = "<group>";
		};
		41927F5723E184440051387F /* controller */ = {
			isa = PBXGroup;
			children = (
				41927F4523E183C70051387F /* ViewController.swift */,
				4167AC7823E19474006FAFD8 /* MapViewController.swift */,
				4167AC7A23E196C4006FAFD8 /* TableViewController.swift */,
				1D8380D023E820EE001BF3DE /* DetailViewController.swift */,
			);
			path = controller;
			sourceTree = "<group>";
		};
		41927F5923E1846A0051387F /* model */ = {
			isa = PBXGroup;
			children = (
				4167AC7C23E1A30D006FAFD8 /* PublicArt.swift */,
				4167AC7E23E1A519006FAFD8 /* PublicArtDAO.swift */,
				8377E91423E8C09600994545 /* PublicArtAnnotation.swift */,
				8377E91623E8C95700994545 /* PublicArtAnnotationDAO.swift */,
			);
			path = model;
			sourceTree = "<group>";
		};
/* End PBXGroup section */

/* Begin PBXNativeTarget section */
		41927F3D23E183C70051387F /* iOSEindprojectHonolulu */ = {
			isa = PBXNativeTarget;
			buildConfigurationList = 41927F5223E183CA0051387F /* Build configuration list for PBXNativeTarget "iOSEindprojectHonolulu" */;
			buildPhases = (
				41927F3A23E183C70051387F /* Sources */,
				41927F3B23E183C70051387F /* Frameworks */,
				41927F3C23E183C70051387F /* Resources */,
			);
			buildRules = (
			);
			dependencies = (
			);
			name = iOSEindprojectHonolulu;
			productName = iOSEindprojectHonolulu;
			productReference = 41927F3E23E183C70051387F /* iOSEindprojectHonolulu.app */;
			productType = "com.apple.product-type.application";
		};
/* End PBXNativeTarget section */

/* Begin PBXProject section */
		41927F3623E183C70051387F /* Project object */ = {
			isa = PBXProject;
			attributes = {
				LastSwiftUpdateCheck = 1130;
				LastUpgradeCheck = 1130;
				ORGANIZATIONNAME = mobapp02;
				TargetAttributes = {
					41927F3D23E183C70051387F = {
						CreatedOnToolsVersion = 11.3;
					};
				};
			};
			buildConfigurationList = 41927F3923E183C70051387F /* Build configuration list for PBXProject "iOSEindprojectHonolulu" */;
			compatibilityVersion = "Xcode 9.3";
			developmentRegion = en;
			hasScannedForEncodings = 0;
			knownRegions = (
				en,
				Base,
			);
			mainGroup = 41927F3523E183C70051387F;
			productRefGroup = 41927F3F23E183C70051387F /* Products */;
			projectDirPath = "";
			projectRoot = "";
			targets = (
				41927F3D23E183C70051387F /* iOSEindprojectHonolulu */,
			);
		};
/* End PBXProject section */

/* Begin PBXResourcesBuildPhase section */
		41927F3C23E183C70051387F /* Resources */ = {
			isa = PBXResourcesBuildPhase;
			buildActionMask = 2147483647;
			files = (
				41927F4E23E183CA0051387F /* LaunchScreen.storyboard in Resources */,
				41927F4B23E183CA0051387F /* Assets.xcassets in Resources */,
				41927F4923E183C80051387F /* Main.storyboard in Resources */,
				8377E91323E83E4400994545 /* Oahu-Honolulu-Aerial-Hero-2_1.jpg in Resources */,
			);
			runOnlyForDeploymentPostprocessing = 0;
		};
/* End PBXResourcesBuildPhase section */

/* Begin PBXSourcesBuildPhase section */
		41927F3A23E183C70051387F /* Sources */ = {
			isa = PBXSourcesBuildPhase;
			buildActionMask = 2147483647;
			files = (
				1D8380D123E820EE001BF3DE /* DetailViewController.swift in Sources */,
				4167AC7D23E1A30D006FAFD8 /* PublicArt.swift in Sources */,
				41927F4623E183C70051387F /* ViewController.swift in Sources */,
				8377E91723E8C95700994545 /* PublicArtAnnotationDAO.swift in Sources */,
				8377E91523E8C09600994545 /* PublicArtAnnotation.swift in Sources */,
				41927F4223E183C70051387F /* AppDelegate.swift in Sources */,
				1D8380CF23E812BF001BF3DE /* ArtTableViewCell.swift in Sources */,
				4167AC7F23E1A519006FAFD8 /* PublicArtDAO.swift in Sources */,
				41927F4423E183C70051387F /* SceneDelegate.swift in Sources */,
				4167AC7B23E196C4006FAFD8 /* TableViewController.swift in Sources */,
				4167AC7923E19474006FAFD8 /* MapViewController.swift in Sources */,
			);
			runOnlyForDeploymentPostprocessing = 0;
		};
/* End PBXSourcesBuildPhase section */

/* Begin PBXVariantGroup section */
		41927F4723E183C80051387F /* Main.storyboard */ = {
			isa = PBXVariantGroup;
			children = (
				41927F4823E183C80051387F /* Base */,
			);
			name = Main.storyboard;
			sourceTree = "<group>";
		};
		41927F4C23E183CA0051387F /* LaunchScreen.storyboard */ = {
			isa = PBXVariantGroup;
			children = (
				41927F4D23E183CA0051387F /* Base */,
			);
			name = LaunchScreen.storyboard;
			sourceTree = "<group>";
		};
/* End PBXVariantGroup section */

/* Begin XCBuildConfiguration section */
		41927F5023E183CA0051387F /* Debug */ = {
			isa = XCBuildConfiguration;
			buildSettings = {
				ALWAYS_SEARCH_USER_PATHS = NO;
				CLANG_ANALYZER_NONNULL = YES;
				CLANG_ANALYZER_NUMBER_OBJECT_CONVERSION = YES_AGGRESSIVE;
				CLANG_CXX_LANGUAGE_STANDARD = "gnu++14";
				CLANG_CXX_LIBRARY = "libc++";
				CLANG_ENABLE_MODULES = YES;
				CLANG_ENABLE_OBJC_ARC = YES;
				CLANG_ENABLE_OBJC_WEAK = YES;
				CLANG_WARN_BLOCK_CAPTURE_AUTORELEASING = YES;
				CLANG_WARN_BOOL_CONVERSION = YES;
				CLANG_WARN_COMMA = YES;
				CLANG_WARN_CONSTANT_CONVERSION = YES;
				CLANG_WARN_DEPRECATED_OBJC_IMPLEMENTATIONS = YES;
				CLANG_WARN_DIRECT_OBJC_ISA_USAGE = YES_ERROR;
				CLANG_WARN_DOCUMENTATION_COMMENTS = YES;
				CLANG_WARN_EMPTY_BODY = YES;
				CLANG_WARN_ENUM_CONVERSION = YES;
				CLANG_WARN_INFINITE_RECURSION = YES;
				CLANG_WARN_INT_CONVERSION = YES;
				CLANG_WARN_NON_LITERAL_NULL_CONVERSION = YES;
				CLANG_WARN_OBJC_IMPLICIT_RETAIN_SELF = YES;
				CLANG_WARN_OBJC_LITERAL_CONVERSION = YES;
				CLANG_WARN_OBJC_ROOT_CLASS = YES_ERROR;
				CLANG_WARN_RANGE_LOOP_ANALYSIS = YES;
				CLANG_WARN_STRICT_PROTOTYPES = YES;
				CLANG_WARN_SUSPICIOUS_MOVE = YES;
				CLANG_WARN_UNGUARDED_AVAILABILITY = YES_AGGRESSIVE;
				CLANG_WARN_UNREACHABLE_CODE = YES;
				CLANG_WARN__DUPLICATE_METHOD_MATCH = YES;
				COPY_PHASE_STRIP = NO;
				DEBUG_INFORMATION_FORMAT = dwarf;
				ENABLE_STRICT_OBJC_MSGSEND = YES;
				ENABLE_TESTABILITY = YES;
				GCC_C_LANGUAGE_STANDARD = gnu11;
				GCC_DYNAMIC_NO_PIC = NO;
				GCC_NO_COMMON_BLOCKS = YES;
				GCC_OPTIMIZATION_LEVEL = 0;
				GCC_PREPROCESSOR_DEFINITIONS = (
					"DEBUG=1",
					"$(inherited)",
				);
				GCC_WARN_64_TO_32_BIT_CONVERSION = YES;
				GCC_WARN_ABOUT_RETURN_TYPE = YES_ERROR;
				GCC_WARN_UNDECLARED_SELECTOR = YES;
				GCC_WARN_UNINITIALIZED_AUTOS = YES_AGGRESSIVE;
				GCC_WARN_UNUSED_FUNCTION = YES;
				GCC_WARN_UNUSED_VARIABLE = YES;
				IPHONEOS_DEPLOYMENT_TARGET = 13.2;
				MTL_ENABLE_DEBUG_INFO = INCLUDE_SOURCE;
				MTL_FAST_MATH = YES;
				ONLY_ACTIVE_ARCH = YES;
				SDKROOT = iphoneos;
				SWIFT_ACTIVE_COMPILATION_CONDITIONS = DEBUG;
				SWIFT_OPTIMIZATION_LEVEL = "-Onone";
			};
			name = Debug;
		};
		41927F5123E183CA0051387F /* Release */ = {
			isa = XCBuildConfiguration;
			buildSettings = {
				ALWAYS_SEARCH_USER_PATHS = NO;
				CLANG_ANALYZER_NONNULL = YES;
				CLANG_ANALYZER_NUMBER_OBJECT_CONVERSION = YES_AGGRESSIVE;
				CLANG_CXX_LANGUAGE_STANDARD = "gnu++14";
				CLANG_CXX_LIBRARY = "libc++";
				CLANG_ENABLE_MODULES = YES;
				CLANG_ENABLE_OBJC_ARC = YES;
				CLANG_ENABLE_OBJC_WEAK = YES;
				CLANG_WARN_BLOCK_CAPTURE_AUTORELEASING = YES;
				CLANG_WARN_BOOL_CONVERSION = YES;
				CLANG_WARN_COMMA = YES;
				CLANG_WARN_CONSTANT_CONVERSION = YES;
				CLANG_WARN_DEPRECATED_OBJC_IMPLEMENTATIONS = YES;
				CLANG_WARN_DIRECT_OBJC_ISA_USAGE = YES_ERROR;
				CLANG_WARN_DOCUMENTATION_COMMENTS = YES;
				CLANG_WARN_EMPTY_BODY = YES;
				CLANG_WARN_ENUM_CONVERSION = YES;
				CLANG_WARN_INFINITE_RECURSION = YES;
				CLANG_WARN_INT_CONVERSION = YES;
				CLANG_WARN_NON_LITERAL_NULL_CONVERSION = YES;
				CLANG_WARN_OBJC_IMPLICIT_RETAIN_SELF = YES;
				CLANG_WARN_OBJC_LITERAL_CONVERSION = YES;
				CLANG_WARN_OBJC_ROOT_CLASS = YES_ERROR;
				CLANG_WARN_RANGE_LOOP_ANALYSIS = YES;
				CLANG_WARN_STRICT_PROTOTYPES = YES;
				CLANG_WARN_SUSPICIOUS_MOVE = YES;
				CLANG_WARN_UNGUARDED_AVAILABILITY = YES_AGGRESSIVE;
				CLANG_WARN_UNREACHABLE_CODE = YES;
				CLANG_WARN__DUPLICATE_METHOD_MATCH = YES;
				COPY_PHASE_STRIP = NO;
				DEBUG_INFORMATION_FORMAT = "dwarf-with-dsym";
				ENABLE_NS_ASSERTIONS = NO;
				ENABLE_STRICT_OBJC_MSGSEND = YES;
				GCC_C_LANGUAGE_STANDARD = gnu11;
				GCC_NO_COMMON_BLOCKS = YES;
				GCC_WARN_64_TO_32_BIT_CONVERSION = YES;
				GCC_WARN_ABOUT_RETURN_TYPE = YES_ERROR;
				GCC_WARN_UNDECLARED_SELECTOR = YES;
				GCC_WARN_UNINITIALIZED_AUTOS = YES_AGGRESSIVE;
				GCC_WARN_UNUSED_FUNCTION = YES;
				GCC_WARN_UNUSED_VARIABLE = YES;
				IPHONEOS_DEPLOYMENT_TARGET = 13.2;
				MTL_ENABLE_DEBUG_INFO = NO;
				MTL_FAST_MATH = YES;
				SDKROOT = iphoneos;
				SWIFT_COMPILATION_MODE = wholemodule;
				SWIFT_OPTIMIZATION_LEVEL = "-O";
				VALIDATE_PRODUCT = YES;
			};
			name = Release;
		};
		41927F5323E183CA0051387F /* Debug */ = {
			isa = XCBuildConfiguration;
			buildSettings = {
				ASSETCATALOG_COMPILER_APPICON_NAME = AppIcon;
				CODE_SIGN_STYLE = Automatic;
				INFOPLIST_FILE = iOSEindprojectHonolulu/Info.plist;
				LD_RUNPATH_SEARCH_PATHS = (
					"$(inherited)",
					"@executable_path/Frameworks",
				);
				PRODUCT_BUNDLE_IDENTIFIER = com.floatingreels.iOSEindprojectHonolulu;
				PRODUCT_NAME = "$(TARGET_NAME)";
				SWIFT_VERSION = 5.0;
				TARGETED_DEVICE_FAMILY = 1;
			};
			name = Debug;
		};
		41927F5423E183CA0051387F /* Release */ = {
			isa = XCBuildConfiguration;
			buildSettings = {
				ASSETCATALOG_COMPILER_APPICON_NAME = AppIcon;
				CODE_SIGN_STYLE = Automatic;
				INFOPLIST_FILE = iOSEindprojectHonolulu/Info.plist;
				LD_RUNPATH_SEARCH_PATHS = (
					"$(inherited)",
					"@executable_path/Frameworks",
				);
				PRODUCT_BUNDLE_IDENTIFIER = com.floatingreels.iOSEindprojectHonolulu;
				PRODUCT_NAME = "$(TARGET_NAME)";
				SWIFT_VERSION = 5.0;
				TARGETED_DEVICE_FAMILY = 1;
			};
			name = Release;
		};
/* End XCBuildConfiguration section */

/* Begin XCConfigurationList section */
		41927F3923E183C70051387F /* Build configuration list for PBXProject "iOSEindprojectHonolulu" */ = {
			isa = XCConfigurationList;
			buildConfigurations = (
				41927F5023E183CA0051387F /* Debug */,
				41927F5123E183CA0051387F /* Release */,
			);
			defaultConfigurationIsVisible = 0;
			defaultConfigurationName = Release;
		};
		41927F5223E183CA0051387F /* Build configuration list for PBXNativeTarget "iOSEindprojectHonolulu" */ = {
			isa = XCConfigurationList;
			buildConfigurations = (
				41927F5323E183CA0051387F /* Debug */,
				41927F5423E183CA0051387F /* Release */,
			);
			defaultConfigurationIsVisible = 0;
			defaultConfigurationName = Release;
		};
/* End XCConfigurationList section */
	};
	rootObject = 41927F3623E183C70051387F /* Project object */;
}
